
Microsoft Visual Studio Solution File, Format Version 12.00
# Visual Studio Version 17
VisualStudioVersion = 17.4.33213.308
MinimumVisualStudioVersion = 10.0.40219.1
Project("{FAE04EC0-301F-11D3-BF4B-00C04F79EFBC}") = "Hafta1_RestfulApi", "Hafta1_RestfulApi\Hafta1_RestfulApi.csproj", "{83E79289-B516-4D11-B7C9-99C14529F74F}"
EndProject
Global
	GlobalSection(SolutionConfigurationPlatforms) = preSolution
		Debug|Any CPU = Debug|Any CPU
		Release|Any CPU = Release|Any CPU
	EndGlobalSection
	GlobalSection(ProjectConfigurationPlatforms) = postSolution
		{83E79289-B516-4D11-B7C9-99C14529F74F}.Debug|Any CPU.ActiveCfg = Debug|Any CPU
		{83E79289-B516-4D11-B7C9-99C14529F74F}.Debug|Any CPU.Build.0 = Debug|Any CPU
		{83E79289-B516-4D11-B7C9-99C14529F74F}.Release|Any CPU.ActiveCfg = Release|Any CPU
		{83E79289-B516-4D11-B7C9-99C14529F74F}.Release|Any CPU.Build.0 = Release|Any CPU
	EndGlobalSection
	GlobalSection(SolutionProperties) = preSolution
		HideSolutionNode = FALSE
	EndGlobalSection
	GlobalSection(ExtensibilityGlobals) = postSolution
		SolutionGuid = {72B675D4-0C09-4417-86CE-B7E59A9B4E17}
	EndGlobalSection
EndGlobal
